
Microsoft Visual Studio Solution File, Format Version 12.00
# Visual Studio Version 17
VisualStudioVersion = 17.11.35327.3
MinimumVisualStudioVersion = 10.0.40219.1
Project("{FAE04EC0-301F-11D3-BF4B-00C04F79EFBC}") = "FileSearch_EX", "FileSearch_EX\FileSearch_EX.csproj", "{CD0B1662-F92F-4E62-AF98-AF0222D8DFB9}"
EndProject
Global
	GlobalSection(SolutionConfigurationPlatforms) = preSolution
		Debug|Any CPU = Debug|Any CPU
		Release|Any CPU = Release|Any CPU
	EndGlobalSection
	GlobalSection(ProjectConfigurationPlatforms) = postSolution
		{CD0B1662-F92F-4E62-AF98-AF0222D8DFB9}.Debug|Any CPU.ActiveCfg = Debug|Any CPU
		{CD0B1662-F92F-4E62-AF98-AF0222D8DFB9}.Debug|Any CPU.Build.0 = Debug|Any CPU
		{CD0B1662-F92F-4E62-AF98-AF0222D8DFB9}.Release|Any CPU.ActiveCfg = Release|Any CPU
		{CD0B1662-F92F-4E62-AF98-AF0222D8DFB9}.Release|Any CPU.Build.0 = Release|Any CPU
	EndGlobalSection
	GlobalSection(SolutionProperties) = preSolution
		HideSolutionNode = FALSE
	EndGlobalSection
	GlobalSection(ExtensibilityGlobals) = postSolution
		SolutionGuid = {5B3E0461-46EE-4949-A464-D664EDE3C345}
	EndGlobalSection
EndGlobal
